
Microsoft Visual Studio Solution File, Format Version 12.00
# Visual Studio 15
VisualStudioVersion = 15.0.28010.2048
MinimumVisualStudioVersion = 10.0.40219.1
Project("{FAE04EC0-301F-11D3-BF4B-00C04F79EFBC}") = "Lab05", "Lab05\Lab05.csproj", "{1D6BB758-9D24-4E65-8D0C-82E4EF151CFA}"
EndProject
Global
	GlobalSection(SolutionConfigurationPlatforms) = preSolution
		Debug|Any CPU = Debug|Any CPU
		Release|Any CPU = Release|Any CPU
	EndGlobalSection
	GlobalSection(ProjectConfigurationPlatforms) = postSolution
		{1D6BB758-9D24-4E65-8D0C-82E4EF151CFA}.Debug|Any CPU.ActiveCfg = Debug|Any CPU
		{1D6BB758-9D24-4E65-8D0C-82E4EF151CFA}.Debug|Any CPU.Build.0 = Debug|Any CPU
		{1D6BB758-9D24-4E65-8D0C-82E4EF151CFA}.Release|Any CPU.ActiveCfg = Release|Any CPU
		{1D6BB758-9D24-4E65-8D0C-82E4EF151CFA}.Release|Any CPU.Build.0 = Release|Any CPU
	EndGlobalSection
	GlobalSection(SolutionProperties) = preSolution
		HideSolutionNode = FALSE
	EndGlobalSection
	GlobalSection(ExtensibilityGlobals) = postSolution
		SolutionGuid = {2EAEF81E-B1DA-445B-9367-89EDE708F52D}
	EndGlobalSection
EndGlobal
