
Microsoft Visual Studio Solution File, Format Version 12.00
# Visual Studio 15
VisualStudioVersion = 15.0.28010.2048
MinimumVisualStudioVersion = 10.0.40219.1
Project("{FAE04EC0-301F-11D3-BF4B-00C04F79EFBC}") = "Lab2", "Lab2\Lab2.csproj", "{57F130CB-905B-4BC2-91AC-5B3DA4A9B3F8}"
EndProject
Global
	GlobalSection(SolutionConfigurationPlatforms) = preSolution
		Debug|Any CPU = Debug|Any CPU
		Release|Any CPU = Release|Any CPU
	EndGlobalSection
	GlobalSection(ProjectConfigurationPlatforms) = postSolution
		{57F130CB-905B-4BC2-91AC-5B3DA4A9B3F8}.Debug|Any CPU.ActiveCfg = Debug|Any CPU
		{57F130CB-905B-4BC2-91AC-5B3DA4A9B3F8}.Debug|Any CPU.Build.0 = Debug|Any CPU
		{57F130CB-905B-4BC2-91AC-5B3DA4A9B3F8}.Release|Any CPU.ActiveCfg = Release|Any CPU
		{57F130CB-905B-4BC2-91AC-5B3DA4A9B3F8}.Release|Any CPU.Build.0 = Release|Any CPU
	EndGlobalSection
	GlobalSection(SolutionProperties) = preSolution
		HideSolutionNode = FALSE
	EndGlobalSection
	GlobalSection(ExtensibilityGlobals) = postSolution
		SolutionGuid = {860C137F-F65A-43AA-A392-C19722A8430A}
	EndGlobalSection
EndGlobal
